{
  "version": 4,
  "terraform_version": "1.4.6",
  "serial": 178,
  "lineage": "42e4ef6c-89fc-3425-639d-07aa55aab4b9",
  "outputs": {
    "my_passwd": {
      "value": [
        "oSqU2",
        "pW7On"
      ],
      "type": [
        "tuple",
        [
          "string",
          "string"
        ]
      ],
      "sensitive": true
    }
  },
  "resources": [
    {
      "mode": "managed",
      "type": "random_password",
      "name": "passwd_generator",
      "provider": "provider[\"registry.terraform.io/hashicorp/random\"]",
      "instances": [
        {
          "index_key": 0,
          "schema_version": 3,
          "attributes": {
            "bcrypt_hash": "$2a$10$tCENAWyYaoazvC3.x.V1ienDXeAw.DKzyw6SfLNOSxH5r0XL3MEC6",
            "id": "none",
            "keepers": null,
            "length": 5,
            "lower": true,
            "min_lower": 1,
            "min_numeric": 1,
            "min_special": 0,
            "min_upper": 1,
            "number": true,
            "numeric": true,
            "override_special": "!@#$%^\u0026*()[]{}\u003c\u003e",
            "result": "oSqU2",
            "special": false,
            "upper": true
          },
          "sensitive_attributes": []
        },
        {
          "index_key": 1,
          "schema_version": 3,
          "attributes": {
            "bcrypt_hash": "$2a$10$c6XmWJJXJ3QnALbrnq0fde1fu3BiwgqAv6G6VXu4crPpUq.BrfmDu",
            "id": "none",
            "keepers": null,
            "length": 5,
            "lower": true,
            "min_lower": 1,
            "min_numeric": 1,
            "min_special": 0,
            "min_upper": 1,
            "number": true,
            "numeric": true,
            "override_special": "!@#$%^\u0026*()[]{}\u003c\u003e",
            "result": "pW7On",
            "special": false,
            "upper": true
          },
          "sensitive_attributes": []
        }
      ]
    }
  ],
  "check_results": null
}
