{
  "version": 4,
  "terraform_version": "1.4.6",
  "serial": 223,
  "lineage": "42e4ef6c-89fc-3425-639d-07aa55aab4b9",
  "outputs": {
    "my_passwd": {
      "value": [
        "g4%KV",
        "8}Yo}",
        "k0i{O",
        "7o^Wk",
        "4\u0026Fr("
      ],
      "type": [
        "tuple",
        [
          "string",
          "string",
          "string",
          "string",
          "string"
        ]
      ],
      "sensitive": true
    }
  },
  "resources": [
    {
      "mode": "managed",
      "type": "random_password",
      "name": "passwd_generator",
      "provider": "provider[\"registry.terraform.io/hashicorp/random\"]",
      "instances": [
        {
          "index_key": 0,
          "schema_version": 3,
          "attributes": {
            "bcrypt_hash": "$2a$10$w5NiBtn9d8ubSkIbpde3deF3JaaASGp83mcn7/MTCSGCpMSUFIIeC",
            "id": "none",
            "keepers": null,
            "length": 5,
            "lower": true,
            "min_lower": 1,
            "min_numeric": 1,
            "min_special": 1,
            "min_upper": 1,
            "number": true,
            "numeric": true,
            "override_special": "!@#$%^\u0026*()[]{}\u003c\u003e",
            "result": "g4%KV",
            "special": true,
            "upper": true
          },
          "sensitive_attributes": []
        },
        {
          "index_key": 1,
          "schema_version": 3,
          "attributes": {
            "bcrypt_hash": "$2a$10$dR94lreI9a5Uj2TKOtJNX.2MRkVKglM0M/5j6.IKzRMOIO0FItdKS",
            "id": "none",
            "keepers": null,
            "length": 5,
            "lower": true,
            "min_lower": 1,
            "min_numeric": 1,
            "min_special": 1,
            "min_upper": 1,
            "number": true,
            "numeric": true,
            "override_special": "!@#$%^\u0026*()[]{}\u003c\u003e",
            "result": "8}Yo}",
            "special": true,
            "upper": true
          },
          "sensitive_attributes": []
        },
        {
          "index_key": 2,
          "schema_version": 3,
          "attributes": {
            "bcrypt_hash": "$2a$10$SFVNVqZA8XHksT2qlOJ1reeWkAQoRpMyYLTL4EF16Wazxe41YX6Uu",
            "id": "none",
            "keepers": null,
            "length": 5,
            "lower": true,
            "min_lower": 1,
            "min_numeric": 1,
            "min_special": 1,
            "min_upper": 1,
            "number": true,
            "numeric": true,
            "override_special": "!@#$%^\u0026*()[]{}\u003c\u003e",
            "result": "k0i{O",
            "special": true,
            "upper": true
          },
          "sensitive_attributes": []
        },
        {
          "index_key": 3,
          "schema_version": 3,
          "attributes": {
            "bcrypt_hash": "$2a$10$zBurfipsbVJ8M2ho1EJ8oe5kJltYq0mxjBNkJladd3fYW0qu15Pja",
            "id": "none",
            "keepers": null,
            "length": 5,
            "lower": true,
            "min_lower": 1,
            "min_numeric": 1,
            "min_special": 1,
            "min_upper": 1,
            "number": true,
            "numeric": true,
            "override_special": "!@#$%^\u0026*()[]{}\u003c\u003e",
            "result": "7o^Wk",
            "special": true,
            "upper": true
          },
          "sensitive_attributes": []
        },
        {
          "index_key": 4,
          "schema_version": 3,
          "attributes": {
            "bcrypt_hash": "$2a$10$0eRdfc94a5fvu0b.r8guXe/TiZ8i1whW4qbbWXNboGYkRncsC4DLa",
            "id": "none",
            "keepers": null,
            "length": 5,
            "lower": true,
            "min_lower": 1,
            "min_numeric": 1,
            "min_special": 1,
            "min_upper": 1,
            "number": true,
            "numeric": true,
            "override_special": "!@#$%^\u0026*()[]{}\u003c\u003e",
            "result": "4\u0026Fr(",
            "special": true,
            "upper": true
          },
          "sensitive_attributes": []
        }
      ]
    }
  ],
  "check_results": null
}
