{
  "version": 4,
  "terraform_version": "1.4.6",
  "serial": 166,
  "lineage": "f60b5b59-db86-6c95-5dc4-2001a8eec4b9",
  "outputs": {
    "containers": {
      "value": [
        {
          "environment": [
            "ENVIRONMENT_VAR = dev"
          ],
          "external_port": 8080,
          "image": "nginx",
          "internal_port": 80,
          "memory": 128,
          "name": "nginx_container",
          "net": "my_cont_net"
        },
        {
          "environment": [
            "ENVIRONMENT_VAR = stage"
          ],
          "external_port": null,
          "image": "jenkins/jenkins:lts-jdk11",
          "internal_port": null,
          "memory": 256,
          "name": "jenkins_container",
          "net": "my_cont_net"
        }
      ],
      "type": [
        "tuple",
        [
          [
            "object",
            {
              "environment": [
                "set",
                "string"
              ],
              "external_port": "number",
              "image": "string",
              "internal_port": "number",
              "memory": "number",
              "name": "string",
              "net": "string"
            }
          ],
          [
            "object",
            {
              "environment": [
                "set",
                "string"
              ],
              "external_port": "dynamic",
              "image": "string",
              "internal_port": "dynamic",
              "memory": "number",
              "name": "string",
              "net": "string"
            }
          ]
        ]
      ]
    },
    "number_of_containers": {
      "value": 2,
      "type": "number"
    }
  },
  "resources": [
    {
      "module": "module.docker_container",
      "mode": "managed",
      "type": "docker_container",
      "name": "container",
      "provider": "provider[\"registry.terraform.io/kreuzwerker/docker\"]",
      "instances": [
        {
          "index_key": 0,
          "schema_version": 2,
          "attributes": {
            "attach": false,
            "bridge": "",
            "capabilities": [],
            "cgroupns_mode": null,
            "command": [
              "nginx",
              "-g",
              "daemon off;"
            ],
            "container_logs": null,
            "container_read_refresh_timeout_milliseconds": 15000,
            "cpu_set": "",
            "cpu_shares": 0,
            "destroy_grace_seconds": null,
            "devices": [],
            "dns": null,
            "dns_opts": null,
            "dns_search": null,
            "domainname": "",
            "entrypoint": [
              "/docker-entrypoint.sh"
            ],
            "env": [
              "ENVIRONMENT_VAR = dev"
            ],
            "exit_code": null,
            "gpus": null,
            "group_add": null,
            "healthcheck": null,
            "host": [],
            "hostname": "8da20a3e692a",
            "id": "8da20a3e692a2dba3815011ef8107a0da6d22cabee430266c082de30b5e0d4a4",
            "image": "sha256:6efc10a0510f143a90b69dc564a914574973223e88418d65c1f8809e08dc0a1f",
            "init": false,
            "ipc_mode": "private",
            "labels": [],
            "log_driver": "json-file",
            "log_opts": null,
            "logs": false,
            "max_retry_count": 0,
            "memory": 128,
            "memory_swap": 256,
            "mounts": [],
            "must_run": true,
            "name": "nginx_container",
            "network_data": [
              {
                "gateway": "172.18.0.1",
                "global_ipv6_address": "",
                "global_ipv6_prefix_length": 0,
                "ip_address": "172.18.0.2",
                "ip_prefix_length": 16,
                "ipv6_gateway": "",
                "mac_address": "02:42:ac:12:00:02",
                "network_name": "my_cont_net"
              }
            ],
            "network_mode": "my_cont_net",
            "networks_advanced": [],
            "pid_mode": "",
            "ports": [
              {
                "external": 8080,
                "internal": 80,
                "ip": "0.0.0.0",
                "protocol": "tcp"
              }
            ],
            "privileged": false,
            "publish_all_ports": false,
            "read_only": false,
            "remove_volumes": true,
            "restart": "no",
            "rm": false,
            "runtime": "runc",
            "security_opts": [],
            "shm_size": 64,
            "start": true,
            "stdin_open": false,
            "stop_signal": "SIGQUIT",
            "stop_timeout": 0,
            "storage_opts": null,
            "sysctls": null,
            "tmpfs": null,
            "tty": false,
            "ulimit": [],
            "upload": [],
            "user": "",
            "userns_mode": "",
            "volumes": [],
            "wait": false,
            "wait_timeout": 60,
            "working_dir": ""
          },
          "sensitive_attributes": [],
          "private": "eyJzY2hlbWFfdmVyc2lvbiI6IjIifQ==",
          "dependencies": [
            "module.docker_container.docker_network.my_cont_net"
          ]
        },
        {
          "index_key": 1,
          "schema_version": 2,
          "attributes": {
            "attach": false,
            "bridge": "",
            "capabilities": [],
            "cgroupns_mode": null,
            "command": [],
            "container_logs": null,
            "container_read_refresh_timeout_milliseconds": 15000,
            "cpu_set": "",
            "cpu_shares": 0,
            "destroy_grace_seconds": null,
            "devices": [],
            "dns": null,
            "dns_opts": null,
            "dns_search": null,
            "domainname": "",
            "entrypoint": [
              "/usr/bin/tini",
              "--",
              "/usr/local/bin/jenkins.sh"
            ],
            "env": [
              "ENVIRONMENT_VAR = stage"
            ],
            "exit_code": null,
            "gpus": null,
            "group_add": null,
            "healthcheck": null,
            "host": [],
            "hostname": "0a06b6eee543",
            "id": "0a06b6eee5431d0f36b778f5d1f7660dfd3892697bb41c03b011ca7d1dc76b5e",
            "image": "sha256:056e9a39e8bef08a38912f2b430d0c6d7c807d3510cadea9edfe3e0c037c4e8d",
            "init": false,
            "ipc_mode": "private",
            "labels": [],
            "log_driver": "json-file",
            "log_opts": null,
            "logs": false,
            "max_retry_count": 0,
            "memory": 256,
            "memory_swap": 512,
            "mounts": [],
            "must_run": true,
            "name": "jenkins_container",
            "network_data": [
              {
                "gateway": "172.18.0.1",
                "global_ipv6_address": "",
                "global_ipv6_prefix_length": 0,
                "ip_address": "172.18.0.3",
                "ip_prefix_length": 16,
                "ipv6_gateway": "",
                "mac_address": "02:42:ac:12:00:03",
                "network_name": "my_cont_net"
              }
            ],
            "network_mode": "my_cont_net",
            "networks_advanced": [],
            "pid_mode": "",
            "ports": [],
            "privileged": false,
            "publish_all_ports": false,
            "read_only": false,
            "remove_volumes": true,
            "restart": "no",
            "rm": false,
            "runtime": "runc",
            "security_opts": [],
            "shm_size": 64,
            "start": true,
            "stdin_open": false,
            "stop_signal": "",
            "stop_timeout": 0,
            "storage_opts": null,
            "sysctls": null,
            "tmpfs": null,
            "tty": false,
            "ulimit": [],
            "upload": [],
            "user": "jenkins",
            "userns_mode": "",
            "volumes": [],
            "wait": false,
            "wait_timeout": 60,
            "working_dir": ""
          },
          "sensitive_attributes": [],
          "private": "eyJzY2hlbWFfdmVyc2lvbiI6IjIifQ==",
          "dependencies": [
            "module.docker_container.docker_network.my_cont_net"
          ]
        }
      ]
    },
    {
      "module": "module.docker_container",
      "mode": "managed",
      "type": "docker_network",
      "name": "my_cont_net",
      "provider": "provider[\"registry.terraform.io/kreuzwerker/docker\"]",
      "instances": [
        {
          "schema_version": 1,
          "attributes": {
            "attachable": false,
            "check_duplicate": null,
            "driver": "bridge",
            "id": "66368c8997ac1be4486012659dd646a1c4ec647567a1a76bf9b6cbb644596b00",
            "ingress": false,
            "internal": false,
            "ipam_config": [
              {
                "aux_address": {},
                "gateway": "172.18.0.1",
                "ip_range": "",
                "subnet": "172.18.0.0/16"
              }
            ],
            "ipam_driver": "default",
            "ipam_options": {},
            "ipv6": false,
            "labels": [],
            "name": "my_cont_net",
            "options": {},
            "scope": "local"
          },
          "sensitive_attributes": [],
          "private": "eyJzY2hlbWFfdmVyc2lvbiI6IjEifQ=="
        }
      ]
    }
  ],
  "check_results": null
}
